lockfileVersion: '9.0'

settings:
  autoInstallPeers: true
  excludeLinksFromLockfile: false

importers:

  .:
    devDependencies:
      '@biomejs/biome':
        specifier: 2.5.1
        version: 2.5.1
      '@inquirer/prompts':
        specifier: ^8.5.2
        version: 8.5.2(@types/node@24.13.3)
      '@types/node':
        specifier: ^24.13.3
        version: 24.13.3
      chalk:
        specifier: ^5.6.2
        version: 5.6.2
      typescript:
        specifier: ^6.0.3
        version: 6.0.3
    optionalDependencies:
      '@actions/core':
        specifier: ^1.11.1
        version: 1.11.1

packages:

  '@actions/core@1.11.1':
    resolution: {integrity: sha512-hXJCSrkwfA46Vd9Z3q4cpEpHB1rL5NG04+/rbqW9d3+CSvtB1tYe8UTpAlixa1vj0m/ULglfEK2UKxMGxCxv5A==}

  '@actions/exec@1.1.1':
    resolution: {integrity: sha512-+sCcHHbVdk93a0XT19ECtO/gIXoxvdsgQLzb2fE2/5sIZmWQuluYyjPQtrtTHdU1YzTZ7bAPN4sITq2xi1679w==}

  '@actions/http-client@2.2.3':
    resolution: {integrity: sha512-mx8hyJi/hjFvbPokCg4uRd4ZX78t+YyRPtnKWwIl+RzNaVuFpQHfmlGVfsKEJN8LwTCvL+DfVgAM04XaHkm6bA==}

  '@actions/io@1.1.3':
    resolution: {integrity: sha512-wi9JjgKLYS7U/z8PPbco+PvTb/nRWjeoFlJ1Qer83k/3C5PHQi28hiVdeE2kHXmIL99mQFawx8qt/JPjZilJ8Q==}

  '@biomejs/biome@2.5.1':
    resolution: {integrity: sha512-IXWLCxKmae+rI7LOHS1B3EbVisQ6GRAWbhN9msa6KjNCyFWrvKZWR4oUdinaNssrV852OrSHuSPa95h1GPJc7Q==}
    engines: {node: '>=14.21.3'}
    hasBin: true

  '@biomejs/cli-darwin-arm64@2.5.1':
    resolution: {integrity: sha512-npqDzvqv7vFaWRiNN1Te71siRgPaqS9MpqgYCdP/CrUbkJ7ApezaeaKjueKHRN/JH/6lRjJQAHi8acQDCAz22w==}
    engines: {node: '>=14.21.3'}
    cpu: [arm64]
    os: [darwin]

  '@biomejs/cli-darwin-x64@2.5.1':
    resolution: {integrity: sha512-RgwTqPAM8g2tn1j+b5oRjF/DbSBX8a4gwojtuG9XuhfK7GgomvZ9+T+tqjXiVbjLEeGJOoL6VEk8mvRTVeSybw==}
    engines: {node: '>=14.21.3'}
    cpu: [x64]
    os: [darwin]

  '@biomejs/cli-linux-arm64-musl@2.5.1':
    resolution: {integrity: sha512-WMcvMLgByyTqVxGlq918NBBYliq9FRR9GAQVETHb+VjGVqXCZFfHlZHC1FX4ibuYY/Hg6TJE3rHU0xVrdJXNRw==}
    engines: {node: '>=14.21.3'}
    cpu: [arm64]
    os: [linux]
    libc: [musl]

  '@biomejs/cli-linux-arm64@2.5.1':
    resolution: {integrity: sha512-yhV35CzZh38VyMvTEXi3JTjxZBs++oCKK9KG8vB6VI5+uvQvZNR3BFWEKKzuOmx9DJJj7sQpZ4LQJcmbGTs3+Q==}
    engines: {node: '>=14.21.3'}
    cpu: [arm64]
    os: [linux]
    libc: [glibc]

  '@biomejs/cli-linux-x64-musl@2.5.1':
    resolution: {integrity: sha512-ANTowtlLmPYm5yeMckWY8Xzb9Ix+JJP3tgHR/n6xRj1VWyIzzWtfRfih9hv9VmClwadpBvZduISZIbBsIlYG3A==}
    engines: {node: '>=14.21.3'}
    cpu: [x64]
    os: [linux]
    libc: [musl]

  '@biomejs/cli-linux-x64@2.5.1':
    resolution: {integrity: sha512-J/7uHSX7NfoYDI7HijAkd8lnQIOrRb2W7j3X+tw4R+N5ExvXGsyXFiGdQcfcxfOmNQmZVSQOCDk757fwpzqQcg==}
    engines: {node: '>=14.21.3'}
    cpu: [x64]
    os: [linux]
    libc: [glibc]

  '@biomejs/cli-win32-arm64@2.5.1':
    resolution: {integrity: sha512-zgXnKNgWPC4iPF7Y1lR3STUeCUuZRpD6IiOrC7TZTlh0Lx6FiVUT05myuMQHQ9D+1cc7uyMldi4forE6lp0ivQ==}
    engines: {node: '>=14.21.3'}
    cpu: [arm64]
    os: [win32]

  '@biomejs/cli-win32-x64@2.5.1':
    resolution: {integrity: sha512-6uxpR9hvaglANkZemeSiN/FhYgkGasrEGn267eXIWvjrjJ2LhDlk251IhjVJq6MXzkV2/bcXwLwSroLyPtqRZg==}
    engines: {node: '>=14.21.3'}
    cpu: [x64]
    os: [win32]

  '@fastify/busboy@2.1.1':
    resolution: {integrity: sha512-vBZP4NlzfOlerQTnba4aqZoMhE/a9HY7HRqoOPaETQcSQuWEIyZMHGfVu6w9wGtGK5fED5qRs2DteVCjOH60sA==}
    engines: {node: '>=14'}

  '@inquirer/ansi@2.0.7':
    resolution: {integrity: sha512-3eTuUO1vH2cZm2ZKHeQxnOqlTi9EfZDGgIe3BL3I4u+rJHocr9Fz86M4fjYABPvFnQG/gGK551HqDiIcETwU6Q==}
    engines: {node: '>=23.5.0 || ^22.13.0 || ^20.17.0'}

  '@inquirer/checkbox@5.2.1':
    resolution: {integrity: sha512-b6xmA/VlTe0ZgDQHDui+Nav470u7u49nRd8/iuhOcQPO9Ch7lGuogydhi2VOmNlZ+zXcM8IcPuNSwQcdJaF/kw==}
    engines: {node: '>=23.5.0 || ^22.13.0 || ^20.17.0'}
    peerDependencies:
      '@types/node': '>=18'
    peerDependenciesMeta:
      '@types/node':
        optional: true

  '@inquirer/confirm@6.1.1':
    resolution: {integrity: sha512-eb8DBZcz/2qHWQda4rk2JiQk5h9QV/cVHi1yjt0f69WFZMRFn0sJTye3EAP8icut8UDMjQPsaH5KbcOogefrFQ==}
    engines: {node: '>=23.5.0 || ^22.13.0 || ^20.17.0'}
    peerDependencies:
      '@types/node': '>=18'
    peerDependenciesMeta:
      '@types/node':
        optional: true

  '@inquirer/core@11.2.1':
    resolution: {integrity: sha512-Qd6GJT1yVyrZZCfN8W2qKF5ApmqryXRhRKCuip8h01x2w/esJQ2XIYc6f9abMIHgKQdBfFTSOdbHRLAhuM09UA==}
    engines: {node: '>=23.5.0 || ^22.13.0 || ^20.17.0'}
    peerDependencies:
      '@types/node': '>=18'
    peerDependenciesMeta:
      '@types/node':
        optional: true

  '@inquirer/editor@5.2.2':
    resolution: {integrity: sha512-ZRVd/oD+sYsUd5zVm0NflqEzlqfYCyHNsqkHl2oWXEUHs12tCbcSFi+wVFEvD8+LGRaMUsVrE7qeo6lSG/S1Vg==}
    engines: {node: '>=23.5.0 || ^22.13.0 || ^20.17.0'}
    peerDependencies:
      '@types/node': '>=18'
    peerDependenciesMeta:
      '@types/node':
        optional: true

  '@inquirer/expand@5.1.1':
    resolution: {integrity: sha512-YmQpenjbFSHAK3sOd44puHh3V1KXXr+JiNpUztoSQ4drLh2rTVzTap/YtlAVu/5xavifIlBfNEzJ/neZJ1a/1g==}
    engines: {node: '>=23.5.0 || ^22.13.0 || ^20.17.0'}
    peerDependencies:
      '@types/node': '>=18'
    peerDependenciesMeta:
      '@types/node':
        optional: true

  '@inquirer/external-editor@3.0.3':
    resolution: {integrity: sha512-6thf5I8q7lZwzGLAxPaaGEREEkZ3nyePPDQ1oyobblxmEE8mqTLguScP7pDjUTAibiyb4hfXl+qjUEJ+di/aNA==}
    engines: {node: '>=23.5.0 || ^22.13.0 || ^20.17.0'}
    peerDependencies:
      '@types/node': '>=18'
    peerDependenciesMeta:
      '@types/node':
        optional: true

  '@inquirer/figures@2.0.7':
    resolution: {integrity: sha512-aJ8TBPOGB6f/2qziPfElISTCEd5XOYTFckA2SGjhNmiKzfK/u4ot3v0DUzGVdUnKjN10EqnnEPck36BkyfLnJw==}
    engines: {node: '>=23.5.0 || ^22.13.0 || ^20.17.0'}

  '@inquirer/input@5.1.2':
    resolution: {integrity: sha512-9K/DDBSQpOyZSkt6sOVP9Vo0TR7atX2kuILsUu0x3wVcVbe97lJwIJKMLdMw25tDYuXl/qp6erT0Xs1rfmcfZg==}
    engines: {node: '>=23.5.0 || ^22.13.0 || ^20.17.0'}
    peerDependencies:
      '@types/node': '>=18'
    peerDependenciesMeta:
      '@types/node':
        optional: true

  '@inquirer/number@4.1.1':
    resolution: {integrity: sha512-XF4IXAbPnGPgw0wsbC/i2tPcyfdZgDpUlhsqU0SfT4IRIGWha6Xm9VRgN5yYxJq+jnyXlfXI/nQ3ulfk0iEICA==}
    engines: {node: '>=23.5.0 || ^22.13.0 || ^20.17.0'}
    peerDependencies:
      '@types/node': '>=18'
    peerDependenciesMeta:
      '@types/node':
        optional: true

  '@inquirer/password@5.1.1':
    resolution: {integrity: sha512-3XBfF7DAsp5qeDsvN5Rd1HmbNokVvEQoUM0QLrRcybC9nX96w3Pbmu7qUsb3IT3J3jBvs2+mTXaKHOUsgHMLzg==}
    engines: {node: '>=23.5.0 || ^22.13.0 || ^20.17.0'}
    peerDependencies:
      '@types/node': '>=18'
    peerDependenciesMeta:
      '@types/node':
        optional: true

  '@inquirer/prompts@8.5.2':
    resolution: {integrity: sha512-IYR/3C/paEVVQYQvdDlFZVjRCJVYHHON0XXMH91KO9GSxs0TdKYWlUdvfQl2EfAHDxUaN3IBffkE/BDTh5nJ6g==}
    engines: {node: '>=23.5.0 || ^22.13.0 || ^20.17.0'}
    peerDependencies:
      '@types/node': '>=18'
    peerDependenciesMeta:
      '@types/node':
        optional: true

  '@inquirer/rawlist@5.3.1':
    resolution: {integrity: sha512-QqdTqQddL3qPX/PPrjobpsO25NZ4dWXgTLenrR445L2ptLEYE6Z+PD5c5CNDJNx4ugRgELAIpSIJxZaO2jJ2Og==}
    engines: {node: '>=23.5.0 || ^22.13.0 || ^20.17.0'}
    peerDependencies:
      '@types/node': '>=18'
    peerDependenciesMeta:
      '@types/node':
        optional: true

  '@inquirer/search@4.2.1':
    resolution: {integrity: sha512-xJj8QWKRSrfKoBIITLZK61dD3zwo0Rz11fgDImku30/Oe81zMdIdGgrLY2h6RkJ+KZ/GhNYIRMKnH/62qBTA5g==}
    engines: {node: '>=23.5.0 || ^22.13.0 || ^20.17.0'}
    peerDependencies:
      '@types/node': '>=18'
    peerDependenciesMeta:
      '@types/node':
        optional: true

  '@inquirer/select@5.2.1':
    resolution: {integrity: sha512-FlDndEUww8m7BfukO2nJa25vhD+H5jxxCv4oGioKqzyWz3nPHhhw4LKdYRSlXuAx7DsdWia7iyaBPKKS95Evfw==}
    engines: {node: '>=23.5.0 || ^22.13.0 || ^20.17.0'}
    peerDependencies:
      '@types/node': '>=18'
    peerDependenciesMeta:
      '@types/node':
        optional: true

  '@inquirer/type@4.0.7':
    resolution: {integrity: sha512-t28inv14nMQ1PhKpsJPY+kEs/c00qzeCOS2gTNRyTjG5d6qsVA2fItxW4hkvGZ5lvanGLdtCzVIx5dwdRpN1+g==}
    engines: {node: '>=23.5.0 || ^22.13.0 || ^20.17.0'}
    peerDependencies:
      '@types/node': '>=18'
    peerDependenciesMeta:
      '@types/node':
        optional: true

  '@types/node@24.13.3':
    resolution: {integrity: sha512-Dh8vAsV36ig5wa9OX4pXvMc9D3Veibfw2wix0CUwYODLD8nkj9UsLjASr49nPg+2eKzxhBV+v7L8pXvT4e639Q==}

  chalk@5.6.2:
    resolution: {integrity: sha512-7NzBL0rN6fMUW+f7A6Io4h40qQlG+xGmtMxfbnH/K7TAtt8JQWVQK+6g0UXKMeVJoyV5EkkNsErQ8pVD3bLHbA==}
    engines: {node: ^12.17.0 || ^14.13 || >=16.0.0}

  chardet@2.2.0:
    resolution: {integrity: sha512-rddelWYNPRrXq6PtNEN2S3f6t9ILzvqaN5pVgi4kqt9jHQaXIial9PznB5iSPVlQSLNaaH22ItWz3EJtQ10+OA==}

  cli-width@4.1.0:
    resolution: {integrity: sha512-ouuZd4/dm2Sw5Gmqy6bGyNNNe1qt9RpmxveLSO7KcgsTnU7RXfsw+/bukWGo1abgBiMAic068rclZsO4IWmmxQ==}
    engines: {node: '>= 12'}

  fast-string-truncated-width@3.0.3:
    resolution: {integrity: sha512-0jjjIEL6+0jag3l2XWWizO64/aZVtpiGE3t0Zgqxv0DPuxiMjvB3M24fCyhZUO4KomJQPj3LTSUnDP3GpdwC0g==}

  fast-string-width@3.0.2:
    resolution: {integrity: sha512-gX8LrtNEI5hq8DVUfRQMbr5lpaS4nMIWV+7XEbXk2b8kiQIizgnlr12B4dA3ZEx3308ze0O4Q1R+cHts8kyUJg==}

  fast-wrap-ansi@0.2.2:
    resolution: {integrity: sha512-7F2Fl+TjRSenLqlU3UjSH0iyqopqoZIu7eZVpEirP2g1GtWa2G/ecEmBdgz31+Mxr+ELclgg6sokpSFIQiZ02Q==}

  iconv-lite@0.7.3:
    resolution: {integrity: sha512-IKXpvIzjnC9XTAUbVBcMfGS0EPaIXtW6v+zr+RRp+hqULEpo0owZax6wyRwPOJbWbzjYspQwusTsfVr0ifh4uQ==}
    engines: {node: '>=0.10.0'}

  mute-stream@3.0.0:
    resolution: {integrity: sha512-dkEJPVvun4FryqBmZ5KhDo0K9iDXAwn08tMLDinNdRBNPcYEDiWYysLcc6k3mjTMlbP9KyylvRpd4wFtwrT9rw==}
    engines: {node: ^20.17.0 || >=22.9.0}

  safer-buffer@2.1.2:
    resolution: {integrity: sha512-YZo3K82SD7Riyi0E1EQPojLz7kpepnSQI9IyPbHHg1XXXevb5dJI7tpyN2ADxGcQbHG7vcyRHk0cbwqcQriUtg==}

  signal-exit@4.1.0:
    resolution: {integrity: sha512-bzyZ1e88w9O1iNJbKnOlvYTrWPDl46O1bG0D3XInv+9tkPrxrN8jUUTiFlDkkmKWgn1M6CfIA13SuGqOa9Korw==}
    engines: {node: '>=14'}

  tunnel@0.0.6:
    resolution: {integrity: sha512-1h/Lnq9yajKY2PEbBadPXj3VxsDDu844OnaAo52UVmIzIvwwtBPIuNvkjuzBlTWpfJyUbG3ez0KSBibQkj4ojg==}
    engines: {node: '>=0.6.11 <=0.7.0 || >=0.7.3'}

  typescript@6.0.3:
    resolution: {integrity: sha512-y2TvuxSZPDyQakkFRPZHKFm+KKVqIisdg9/CZwm9ftvKXLP8NRWj38/ODjNbr43SsoXqNuAisEf1GdCxqWcdBw==}
    engines: {node: '>=14.17'}
    hasBin: true

  undici-types@7.18.2:
    resolution: {integrity: sha512-AsuCzffGHJybSaRrmr5eHr81mwJU3kjw6M+uprWvCXiNeN9SOGwQ3Jn8jb8m3Z6izVgknn1R0FTCEAP2QrLY/w==}

  undici@5.29.0:
    resolution: {integrity: sha512-raqeBD6NQK4SkWhQzeYKd1KmIG6dllBOTt55Rmkt4HtI9mwdWtJljnrXjAFUBLTSN67HWrOIZ3EPF4kjUw80Bg==}
    engines: {node: '>=14.0'}

snapshots:

  '@actions/core@1.11.1':
    dependencies:
      '@actions/exec': 1.1.1
      '@actions/http-client': 2.2.3
    optional: true

  '@actions/exec@1.1.1':
    dependencies:
      '@actions/io': 1.1.3
    optional: true

  '@actions/http-client@2.2.3':
    dependencies:
      tunnel: 0.0.6
      undici: 5.29.0
    optional: true

  '@actions/io@1.1.3':
    optional: true

  '@biomejs/biome@2.5.1':
    optionalDependencies:
      '@biomejs/cli-darwin-arm64': 2.5.1
      '@biomejs/cli-darwin-x64': 2.5.1
      '@biomejs/cli-linux-arm64': 2.5.1
      '@biomejs/cli-linux-arm64-musl': 2.5.1
      '@biomejs/cli-linux-x64': 2.5.1
      '@biomejs/cli-linux-x64-musl': 2.5.1
      '@biomejs/cli-win32-arm64': 2.5.1
      '@biomejs/cli-win32-x64': 2.5.1

  '@biomejs/cli-darwin-arm64@2.5.1':
    optional: true

  '@biomejs/cli-darwin-x64@2.5.1':
    optional: true

  '@biomejs/cli-linux-arm64-musl@2.5.1':
    optional: true

  '@biomejs/cli-linux-arm64@2.5.1':
    optional: true

  '@biomejs/cli-linux-x64-musl@2.5.1':
    optional: true

  '@biomejs/cli-linux-x64@2.5.1':
    optional: true

  '@biomejs/cli-win32-arm64@2.5.1':
    optional: true

  '@biomejs/cli-win32-x64@2.5.1':
    optional: true

  '@fastify/busboy@2.1.1':
    optional: true

  '@inquirer/ansi@2.0.7': {}

  '@inquirer/checkbox@5.2.1(@types/node@24.13.3)':
    dependencies:
      '@inquirer/ansi': 2.0.7
      '@inquirer/core': 11.2.1(@types/node@24.13.3)
      '@inquirer/figures': 2.0.7
      '@inquirer/type': 4.0.7(@types/node@24.13.3)
    optionalDependencies:
      '@types/node': 24.13.3

  '@inquirer/confirm@6.1.1(@types/node@24.13.3)':
    dependencies:
      '@inquirer/core': 11.2.1(@types/node@24.13.3)
      '@inquirer/type': 4.0.7(@types/node@24.13.3)
    optionalDependencies:
      '@types/node': 24.13.3

  '@inquirer/core@11.2.1(@types/node@24.13.3)':
    dependencies:
      '@inquirer/ansi': 2.0.7
      '@inquirer/figures': 2.0.7
      '@inquirer/type': 4.0.7(@types/node@24.13.3)
      cli-width: 4.1.0
      fast-wrap-ansi: 0.2.2
      mute-stream: 3.0.0
      signal-exit: 4.1.0
    optionalDependencies:
      '@types/node': 24.13.3

  '@inquirer/editor@5.2.2(@types/node@24.13.3)':
    dependencies:
      '@inquirer/core': 11.2.1(@types/node@24.13.3)
      '@inquirer/external-editor': 3.0.3(@types/node@24.13.3)
      '@inquirer/type': 4.0.7(@types/node@24.13.3)
    optionalDependencies:
      '@types/node': 24.13.3

  '@inquirer/expand@5.1.1(@types/node@24.13.3)':
    dependencies:
      '@inquirer/core': 11.2.1(@types/node@24.13.3)
      '@inquirer/type': 4.0.7(@types/node@24.13.3)
    optionalDependencies:
      '@types/node': 24.13.3

  '@inquirer/external-editor@3.0.3(@types/node@24.13.3)':
    dependencies:
      chardet: 2.2.0
      iconv-lite: 0.7.3
    optionalDependencies:
      '@types/node': 24.13.3

  '@inquirer/figures@2.0.7': {}

  '@inquirer/input@5.1.2(@types/node@24.13.3)':
    dependencies:
      '@inquirer/core': 11.2.1(@types/node@24.13.3)
      '@inquirer/type': 4.0.7(@types/node@24.13.3)
    optionalDependencies:
      '@types/node': 24.13.3

  '@inquirer/number@4.1.1(@types/node@24.13.3)':
    dependencies:
      '@inquirer/core': 11.2.1(@types/node@24.13.3)
      '@inquirer/type': 4.0.7(@types/node@24.13.3)
    optionalDependencies:
      '@types/node': 24.13.3

  '@inquirer/password@5.1.1(@types/node@24.13.3)':
    dependencies:
      '@inquirer/ansi': 2.0.7
      '@inquirer/core': 11.2.1(@types/node@24.13.3)
      '@inquirer/type': 4.0.7(@types/node@24.13.3)
    optionalDependencies:
      '@types/node': 24.13.3

  '@inquirer/prompts@8.5.2(@types/node@24.13.3)':
    dependencies:
      '@inquirer/checkbox': 5.2.1(@types/node@24.13.3)
      '@inquirer/confirm': 6.1.1(@types/node@24.13.3)
      '@inquirer/editor': 5.2.2(@types/node@24.13.3)
      '@inquirer/expand': 5.1.1(@types/node@24.13.3)
      '@inquirer/input': 5.1.2(@types/node@24.13.3)
      '@inquirer/number': 4.1.1(@types/node@24.13.3)
      '@inquirer/password': 5.1.1(@types/node@24.13.3)
      '@inquirer/rawlist': 5.3.1(@types/node@24.13.3)
      '@inquirer/search': 4.2.1(@types/node@24.13.3)
      '@inquirer/select': 5.2.1(@types/node@24.13.3)
    optionalDependencies:
      '@types/node': 24.13.3

  '@inquirer/rawlist@5.3.1(@types/node@24.13.3)':
    dependencies:
      '@inquirer/core': 11.2.1(@types/node@24.13.3)
      '@inquirer/type': 4.0.7(@types/node@24.13.3)
    optionalDependencies:
      '@types/node': 24.13.3

  '@inquirer/search@4.2.1(@types/node@24.13.3)':
    dependencies:
      '@inquirer/core': 11.2.1(@types/node@24.13.3)
      '@inquirer/figures': 2.0.7
      '@inquirer/type': 4.0.7(@types/node@24.13.3)
    optionalDependencies:
      '@types/node': 24.13.3

  '@inquirer/select@5.2.1(@types/node@24.13.3)':
    dependencies:
      '@inquirer/ansi': 2.0.7
      '@inquirer/core': 11.2.1(@types/node@24.13.3)
      '@inquirer/figures': 2.0.7
      '@inquirer/type': 4.0.7(@types/node@24.13.3)
    optionalDependencies:
      '@types/node': 24.13.3

  '@inquirer/type@4.0.7(@types/node@24.13.3)':
    optionalDependencies:
      '@types/node': 24.13.3

  '@types/node@24.13.3':
    dependencies:
      undici-types: 7.18.2

  chalk@5.6.2: {}

  chardet@2.2.0: {}

  cli-width@4.1.0: {}

  fast-string-truncated-width@3.0.3: {}

  fast-string-width@3.0.2:
    dependencies:
      fast-string-truncated-width: 3.0.3

  fast-wrap-ansi@0.2.2:
    dependencies:
      fast-string-width: 3.0.2

  iconv-lite@0.7.3:
    dependencies:
      safer-buffer: 2.1.2

  mute-stream@3.0.0: {}

  safer-buffer@2.1.2: {}

  signal-exit@4.1.0: {}

  tunnel@0.0.6:
    optional: true

  typescript@6.0.3: {}

  undici-types@7.18.2: {}

  undici@5.29.0:
    dependencies:
      '@fastify/busboy': 2.1.1
    optional: true
