lockfileVersion: '9.0'

settings:
  autoInstallPeers: true
  dedupePeers: true
  excludeLinksFromLockfile: false

importers:

  .:
    devDependencies:
      '@biomejs/biome':
        specifier: 2.5.1
        version: 2.5.1
      '@inquirer/prompts':
        specifier: ^8.6.0
        version: 8.6.0(@types/node@24.13.3)
      '@types/node':
        specifier: ^24.13.3
        version: 24.13.3
      chalk:
        specifier: ^5.6.2
        version: 5.6.2
      typescript:
        specifier: ^6.0.3
        version: 6.0.3
    optionalDependencies:
      '@actions/core':
        specifier: ^3.0.1
        version: 3.0.1

packages:

  '@actions/core@3.0.1':
    resolution: {integrity: sha512-a6d/Nwahm9fliVGRhdhofo40HjHQasUPusmc7vBfyky+7Z+P2A1J68zyFVaNcEclc/Se+eO595oAr5nwEIoIUA==}

  '@actions/exec@3.0.0':
    resolution: {integrity: sha512-6xH/puSoNBXb72VPlZVm7vQ+svQpFyA96qdDBvhB8eNZOE8LtPf9L4oAsfzK/crCL8YZ+19fKYVnM63Sl+Xzlw==}

  '@actions/http-client@4.0.1':
    resolution: {integrity: sha512-+Nvd1ImaOZBSoPbsUtEhv+1z99H12xzncCkz0a3RuehINE81FZSe2QTj3uvAPTcJX/SCzUQHQ0D1GrPMbrPitg==}

  '@actions/io@3.0.2':
    resolution: {integrity: sha512-nRBchcMM+QK1pdjO7/idu86rbJI5YHUKCvKs0KxnSYbVe3F51UfGxuZX4Qy/fWlp6l7gWFwIkrOzN+oUK03kfw==}

  '@biomejs/biome@2.5.1':
    resolution: {integrity: sha512-IXWLCxKmae+rI7LOHS1B3EbVisQ6GRAWbhN9msa6KjNCyFWrvKZWR4oUdinaNssrV852OrSHuSPa95h1GPJc7Q==}
    engines: {node: '>=14.21.3'}
    hasBin: true

  '@biomejs/cli-darwin-arm64@2.5.1':
    resolution: {integrity: sha512-npqDzvqv7vFaWRiNN1Te71siRgPaqS9MpqgYCdP/CrUbkJ7ApezaeaKjueKHRN/JH/6lRjJQAHi8acQDCAz22w==}
    engines: {node: '>=14.21.3'}
    cpu: [arm64]
    os: [darwin]

  '@biomejs/cli-darwin-x64@2.5.1':
    resolution: {integrity: sha512-RgwTqPAM8g2tn1j+b5oRjF/DbSBX8a4gwojtuG9XuhfK7GgomvZ9+T+tqjXiVbjLEeGJOoL6VEk8mvRTVeSybw==}
    engines: {node: '>=14.21.3'}
    cpu: [x64]
    os: [darwin]

  '@biomejs/cli-linux-arm64-musl@2.5.1':
    resolution: {integrity: sha512-WMcvMLgByyTqVxGlq918NBBYliq9FRR9GAQVETHb+VjGVqXCZFfHlZHC1FX4ibuYY/Hg6TJE3rHU0xVrdJXNRw==}
    engines: {node: '>=14.21.3'}
    cpu: [arm64]
    os: [linux]
    libc: [musl]

  '@biomejs/cli-linux-arm64@2.5.1':
    resolution: {integrity: sha512-yhV35CzZh38VyMvTEXi3JTjxZBs++oCKK9KG8vB6VI5+uvQvZNR3BFWEKKzuOmx9DJJj7sQpZ4LQJcmbGTs3+Q==}
    engines: {node: '>=14.21.3'}
    cpu: [arm64]
    os: [linux]
    libc: [glibc]

  '@biomejs/cli-linux-x64-musl@2.5.1':
    resolution: {integrity: sha512-ANTowtlLmPYm5yeMckWY8Xzb9Ix+JJP3tgHR/n6xRj1VWyIzzWtfRfih9hv9VmClwadpBvZduISZIbBsIlYG3A==}
    engines: {node: '>=14.21.3'}
    cpu: [x64]
    os: [linux]
    libc: [musl]

  '@biomejs/cli-linux-x64@2.5.1':
    resolution: {integrity: sha512-J/7uHSX7NfoYDI7HijAkd8lnQIOrRb2W7j3X+tw4R+N5ExvXGsyXFiGdQcfcxfOmNQmZVSQOCDk757fwpzqQcg==}
    engines: {node: '>=14.21.3'}
    cpu: [x64]
    os: [linux]
    libc: [glibc]

  '@biomejs/cli-win32-arm64@2.5.1':
    resolution: {integrity: sha512-zgXnKNgWPC4iPF7Y1lR3STUeCUuZRpD6IiOrC7TZTlh0Lx6FiVUT05myuMQHQ9D+1cc7uyMldi4forE6lp0ivQ==}
    engines: {node: '>=14.21.3'}
    cpu: [arm64]
    os: [win32]

  '@biomejs/cli-win32-x64@2.5.1':
    resolution: {integrity: sha512-6uxpR9hvaglANkZemeSiN/FhYgkGasrEGn267eXIWvjrjJ2LhDlk251IhjVJq6MXzkV2/bcXwLwSroLyPtqRZg==}
    engines: {node: '>=14.21.3'}
    cpu: [x64]
    os: [win32]

  '@inquirer/ansi@2.0.7':
    resolution: {integrity: sha512-3eTuUO1vH2cZm2ZKHeQxnOqlTi9EfZDGgIe3BL3I4u+rJHocr9Fz86M4fjYABPvFnQG/gGK551HqDiIcETwU6Q==}
    engines: {node: '>=23.5.0 || ^22.13.0 || ^20.17.0'}

  '@inquirer/checkbox@5.2.2':
    resolution: {integrity: sha512-Y5/bAScMy5Y+9isCx0SKbyJebMCaXXX5em0kxkj115eZNscgV9srOHrgyfS0e5xAVymIfOh9piYBKDILktsMMg==}
    engines: {node: '>=23.5.0 || ^22.13.0 || ^20.17.0'}
    peerDependencies:
      '@types/node': '>=18'
    peerDependenciesMeta:
      '@types/node':
        optional: true

  '@inquirer/confirm@6.2.0':
    resolution: {integrity: sha512-SKXarWrYhtpqOEctf9XGCGy29QjsvJAM0Aq9ZR9z4Ns94OmpqudOly+aSEfNqUf9SwsQaUgY9+Z8hyzG0xX8fw==}
    engines: {node: '>=23.5.0 || ^22.13.0 || ^20.17.0'}
    peerDependencies:
      '@types/node': '>=18'
    peerDependenciesMeta:
      '@types/node':
        optional: true

  '@inquirer/core@12.0.0':
    resolution: {integrity: sha512-+nnvFEXIB08CZNVXpvW3B+zHW96QXvGUjNKJ8NJIPqAZi5Kd4WhYt2S3C234ReepG1qw2HOlEUbjYVHBowXObA==}
    engines: {node: '>=23.5.0 || ^22.13.0 || ^20.17.0'}
    peerDependencies:
      '@types/node': '>=18'
    peerDependenciesMeta:
      '@types/node':
        optional: true

  '@inquirer/editor@5.3.0':
    resolution: {integrity: sha512-nnsP/IdJ8s83q7ZuObmgn12QM+uLCkab9E0Oordojbn62WUg1c+v9Ou/F/057pgh0ppX0W+Hj5bO/Dp5hsxQtA==}
    engines: {node: '>=23.5.0 || ^22.13.0 || ^20.17.0'}
    peerDependencies:
      '@types/node': '>=18'
    peerDependenciesMeta:
      '@types/node':
        optional: true

  '@inquirer/expand@5.1.2':
    resolution: {integrity: sha512-OWIH1IyyWqEKIyqC9Xy+Bnga7NkGMovFdo4atYZMUOTRqf6rO2WCv9E/1MyzvOErDBCxs+9UFliRUDc50xs/jw==}
    engines: {node: '>=23.5.0 || ^22.13.0 || ^20.17.0'}
    peerDependencies:
      '@types/node': '>=18'
    peerDependenciesMeta:
      '@types/node':
        optional: true

  '@inquirer/external-editor@3.0.4':
    resolution: {integrity: sha512-tZbbaK2ovq6vlrRBNQvjrypmrED/p5x2ncIHQ79cD55tei3dD96v5glMMA+6tiq7K104i/25DVYKWVPJuV6ptA==}
    engines: {node: '>=23.5.0 || ^22.13.0 || ^20.17.0'}
    peerDependencies:
      '@types/node': '>=18'
    peerDependenciesMeta:
      '@types/node':
        optional: true

  '@inquirer/figures@2.0.8':
    resolution: {integrity: sha512-tApbon79GM9ry56ja/Ud3SY2CL4TQsao9fIwDQbgTeNY55025GdMzQ2+UdegV/lx51VNGUB59M0v0nMpybYY4Q==}
    engines: {node: '>=23.5.0 || ^22.13.0 || ^20.17.0'}

  '@inquirer/input@5.1.3':
    resolution: {integrity: sha512-F/BZHtyEzP+HO+IGVd4AjBRgvX/ywm42bx8S0+dENk2YclzE9tJ3X/15THwtT6ehApmKvdYDMsVTuyyDod0gOQ==}
    engines: {node: '>=23.5.0 || ^22.13.0 || ^20.17.0'}
    peerDependencies:
      '@types/node': '>=18'
    peerDependenciesMeta:
      '@types/node':
        optional: true

  '@inquirer/number@4.2.0':
    resolution: {integrity: sha512-ew+fSDijsQ/WhD4TV3XLb+if400cDuzTzHfGR8sTNBXkK9CYDWoGE8fhaO8GbT312pNv1AJEOsDxy/z/HVettA==}
    engines: {node: '>=23.5.0 || ^22.13.0 || ^20.17.0'}
    peerDependencies:
      '@types/node': '>=18'
    peerDependenciesMeta:
      '@types/node':
        optional: true

  '@inquirer/password@5.1.2':
    resolution: {integrity: sha512-nSdufycW8xynEVssFkNQEYIzTySilog0UlfOVRwh3pXzPSk4frXUT2jZWjHnKae6RU9PaoF9wfy1pGwewQuqGw==}
    engines: {node: '>=23.5.0 || ^22.13.0 || ^20.17.0'}
    peerDependencies:
      '@types/node': '>=18'
    peerDependenciesMeta:
      '@types/node':
        optional: true

  '@inquirer/prompts@8.6.0':
    resolution: {integrity: sha512-WgBVDRy3IQ4v9XMCpQ1YDGpso2PcMUxYJzZdH4Nt4t0eoXhEPmOCh5iZbXbR4GTbdUB9VPWBbJB12rkjbaGDCw==}
    engines: {node: '>=23.5.0 || ^22.13.0 || ^20.17.0'}
    peerDependencies:
      '@types/node': '>=18'
    peerDependenciesMeta:
      '@types/node':
        optional: true

  '@inquirer/rawlist@5.3.2':
    resolution: {integrity: sha512-oPSKrYK1X1bMkjXDzIKHUkJp195LFSfgbnVtXnjSKGFjrCbS6I+wyvfAZTwKE9BSt3HwWgfD7JfsXALBgCogzQ==}
    engines: {node: '>=23.5.0 || ^22.13.0 || ^20.17.0'}
    peerDependencies:
      '@types/node': '>=18'
    peerDependenciesMeta:
      '@types/node':
        optional: true

  '@inquirer/search@4.3.0':
    resolution: {integrity: sha512-HFxXE5w727ctSUcAwrDquftJGjMgu36OeV5SHEXMlr2j/ahzmRX9xSEeVolV8tzYnTf45cg6vGkdMMRdm3RPhQ==}
    engines: {node: '>=23.5.0 || ^22.13.0 || ^20.17.0'}
    peerDependencies:
      '@types/node': '>=18'
    peerDependenciesMeta:
      '@types/node':
        optional: true

  '@inquirer/select@5.2.2':
    resolution: {integrity: sha512-RkI8dRHWt+bh04oLixvF1kFzKC7e5rqJoHKkzcqSHATebBXFC6GmrT8ddbVkgSzLV0HnHs2cPFuBINr8otij8Q==}
    engines: {node: '>=23.5.0 || ^22.13.0 || ^20.17.0'}
    peerDependencies:
      '@types/node': '>=18'
    peerDependenciesMeta:
      '@types/node':
        optional: true

  '@inquirer/type@4.0.7':
    resolution: {integrity: sha512-t28inv14nMQ1PhKpsJPY+kEs/c00qzeCOS2gTNRyTjG5d6qsVA2fItxW4hkvGZ5lvanGLdtCzVIx5dwdRpN1+g==}
    engines: {node: '>=23.5.0 || ^22.13.0 || ^20.17.0'}
    peerDependencies:
      '@types/node': '>=18'
    peerDependenciesMeta:
      '@types/node':
        optional: true

  '@types/node@24.13.3':
    resolution: {integrity: sha512-Dh8vAsV36ig5wa9OX4pXvMc9D3Veibfw2wix0CUwYODLD8nkj9UsLjASr49nPg+2eKzxhBV+v7L8pXvT4e639Q==}

  chalk@5.6.2:
    resolution: {integrity: sha512-7NzBL0rN6fMUW+f7A6Io4h40qQlG+xGmtMxfbnH/K7TAtt8JQWVQK+6g0UXKMeVJoyV5EkkNsErQ8pVD3bLHbA==}
    engines: {node: ^12.17.0 || ^14.13 || >=16.0.0}

  chardet@2.2.0:
    resolution: {integrity: sha512-rddelWYNPRrXq6PtNEN2S3f6t9ILzvqaN5pVgi4kqt9jHQaXIial9PznB5iSPVlQSLNaaH22ItWz3EJtQ10+OA==}

  cli-width@4.1.0:
    resolution: {integrity: sha512-ouuZd4/dm2Sw5Gmqy6bGyNNNe1qt9RpmxveLSO7KcgsTnU7RXfsw+/bukWGo1abgBiMAic068rclZsO4IWmmxQ==}
    engines: {node: '>= 12'}

  fast-string-truncated-width@3.0.3:
    resolution: {integrity: sha512-0jjjIEL6+0jag3l2XWWizO64/aZVtpiGE3t0Zgqxv0DPuxiMjvB3M24fCyhZUO4KomJQPj3LTSUnDP3GpdwC0g==}

  fast-string-width@3.0.2:
    resolution: {integrity: sha512-gX8LrtNEI5hq8DVUfRQMbr5lpaS4nMIWV+7XEbXk2b8kiQIizgnlr12B4dA3ZEx3308ze0O4Q1R+cHts8kyUJg==}

  fast-wrap-ansi@0.2.2:
    resolution: {integrity: sha512-7F2Fl+TjRSenLqlU3UjSH0iyqopqoZIu7eZVpEirP2g1GtWa2G/ecEmBdgz31+Mxr+ELclgg6sokpSFIQiZ02Q==}

  iconv-lite@0.7.3:
    resolution: {integrity: sha512-IKXpvIzjnC9XTAUbVBcMfGS0EPaIXtW6v+zr+RRp+hqULEpo0owZax6wyRwPOJbWbzjYspQwusTsfVr0ifh4uQ==}
    engines: {node: '>=0.10.0'}

  mute-stream@3.0.0:
    resolution: {integrity: sha512-dkEJPVvun4FryqBmZ5KhDo0K9iDXAwn08tMLDinNdRBNPcYEDiWYysLcc6k3mjTMlbP9KyylvRpd4wFtwrT9rw==}
    engines: {node: ^20.17.0 || >=22.9.0}

  safer-buffer@2.1.2:
    resolution: {integrity: sha512-YZo3K82SD7Riyi0E1EQPojLz7kpepnSQI9IyPbHHg1XXXevb5dJI7tpyN2ADxGcQbHG7vcyRHk0cbwqcQriUtg==}

  signal-exit@4.1.0:
    resolution: {integrity: sha512-bzyZ1e88w9O1iNJbKnOlvYTrWPDl46O1bG0D3XInv+9tkPrxrN8jUUTiFlDkkmKWgn1M6CfIA13SuGqOa9Korw==}
    engines: {node: '>=14'}

  tunnel@0.0.6:
    resolution: {integrity: sha512-1h/Lnq9yajKY2PEbBadPXj3VxsDDu844OnaAo52UVmIzIvwwtBPIuNvkjuzBlTWpfJyUbG3ez0KSBibQkj4ojg==}
    engines: {node: '>=0.6.11 <=0.7.0 || >=0.7.3'}

  typescript@6.0.3:
    resolution: {integrity: sha512-y2TvuxSZPDyQakkFRPZHKFm+KKVqIisdg9/CZwm9ftvKXLP8NRWj38/ODjNbr43SsoXqNuAisEf1GdCxqWcdBw==}
    engines: {node: '>=14.17'}
    hasBin: true

  undici-types@7.18.2:
    resolution: {integrity: sha512-AsuCzffGHJybSaRrmr5eHr81mwJU3kjw6M+uprWvCXiNeN9SOGwQ3Jn8jb8m3Z6izVgknn1R0FTCEAP2QrLY/w==}

  undici@6.28.0:
    resolution: {integrity: sha512-LIY910g9TI13YS95lrMFrs8Rm/u/irgHeTWoKCoteeJ04CUJ92eEfj0rVn+7VKMPBpUPiUoBKfhNyLI23EE/KA==}
    engines: {node: '>=18.17'}

snapshots:

  '@actions/core@3.0.1':
    dependencies:
      '@actions/exec': 3.0.0
      '@actions/http-client': 4.0.1
    optional: true

  '@actions/exec@3.0.0':
    dependencies:
      '@actions/io': 3.0.2
    optional: true

  '@actions/http-client@4.0.1':
    dependencies:
      tunnel: 0.0.6
      undici: 6.28.0
    optional: true

  '@actions/io@3.0.2':
    optional: true

  '@biomejs/biome@2.5.1':
    optionalDependencies:
      '@biomejs/cli-darwin-arm64': 2.5.1
      '@biomejs/cli-darwin-x64': 2.5.1
      '@biomejs/cli-linux-arm64': 2.5.1
      '@biomejs/cli-linux-arm64-musl': 2.5.1
      '@biomejs/cli-linux-x64': 2.5.1
      '@biomejs/cli-linux-x64-musl': 2.5.1
      '@biomejs/cli-win32-arm64': 2.5.1
      '@biomejs/cli-win32-x64': 2.5.1

  '@biomejs/cli-darwin-arm64@2.5.1':
    optional: true

  '@biomejs/cli-darwin-x64@2.5.1':
    optional: true

  '@biomejs/cli-linux-arm64-musl@2.5.1':
    optional: true

  '@biomejs/cli-linux-arm64@2.5.1':
    optional: true

  '@biomejs/cli-linux-x64-musl@2.5.1':
    optional: true

  '@biomejs/cli-linux-x64@2.5.1':
    optional: true

  '@biomejs/cli-win32-arm64@2.5.1':
    optional: true

  '@biomejs/cli-win32-x64@2.5.1':
    optional: true

  '@inquirer/ansi@2.0.7': {}

  '@inquirer/checkbox@5.2.2(@types/node@24.13.3)':
    dependencies:
      '@inquirer/ansi': 2.0.7
      '@inquirer/core': 12.0.0(@types/node@24.13.3)
      '@inquirer/figures': 2.0.8
      '@inquirer/type': 4.0.7(@types/node@24.13.3)
    optionalDependencies:
      '@types/node': 24.13.3

  '@inquirer/confirm@6.2.0(@types/node@24.13.3)':
    dependencies:
      '@inquirer/core': 12.0.0(@types/node@24.13.3)
      '@inquirer/type': 4.0.7(@types/node@24.13.3)
    optionalDependencies:
      '@types/node': 24.13.3

  '@inquirer/core@12.0.0(@types/node@24.13.3)':
    dependencies:
      '@inquirer/ansi': 2.0.7
      '@inquirer/figures': 2.0.8
      '@inquirer/type': 4.0.7(@types/node@24.13.3)
      cli-width: 4.1.0
      fast-wrap-ansi: 0.2.2
      mute-stream: 3.0.0
      signal-exit: 4.1.0
    optionalDependencies:
      '@types/node': 24.13.3

  '@inquirer/editor@5.3.0(@types/node@24.13.3)':
    dependencies:
      '@inquirer/core': 12.0.0(@types/node@24.13.3)
      '@inquirer/external-editor': 3.0.4(@types/node@24.13.3)
      '@inquirer/type': 4.0.7(@types/node@24.13.3)
    optionalDependencies:
      '@types/node': 24.13.3

  '@inquirer/expand@5.1.2(@types/node@24.13.3)':
    dependencies:
      '@inquirer/core': 12.0.0(@types/node@24.13.3)
      '@inquirer/type': 4.0.7(@types/node@24.13.3)
    optionalDependencies:
      '@types/node': 24.13.3

  '@inquirer/external-editor@3.0.4(@types/node@24.13.3)':
    dependencies:
      chardet: 2.2.0
      iconv-lite: 0.7.3
    optionalDependencies:
      '@types/node': 24.13.3

  '@inquirer/figures@2.0.8': {}

  '@inquirer/input@5.1.3(@types/node@24.13.3)':
    dependencies:
      '@inquirer/core': 12.0.0(@types/node@24.13.3)
      '@inquirer/type': 4.0.7(@types/node@24.13.3)
    optionalDependencies:
      '@types/node': 24.13.3

  '@inquirer/number@4.2.0(@types/node@24.13.3)':
    dependencies:
      '@inquirer/core': 12.0.0(@types/node@24.13.3)
      '@inquirer/type': 4.0.7(@types/node@24.13.3)
    optionalDependencies:
      '@types/node': 24.13.3

  '@inquirer/password@5.1.2(@types/node@24.13.3)':
    dependencies:
      '@inquirer/ansi': 2.0.7
      '@inquirer/core': 12.0.0(@types/node@24.13.3)
      '@inquirer/type': 4.0.7(@types/node@24.13.3)
    optionalDependencies:
      '@types/node': 24.13.3

  '@inquirer/prompts@8.6.0(@types/node@24.13.3)':
    dependencies:
      '@inquirer/checkbox': 5.2.2(@types/node@24.13.3)
      '@inquirer/confirm': 6.2.0(@types/node@24.13.3)
      '@inquirer/editor': 5.3.0(@types/node@24.13.3)
      '@inquirer/expand': 5.1.2(@types/node@24.13.3)
      '@inquirer/input': 5.1.3(@types/node@24.13.3)
      '@inquirer/number': 4.2.0(@types/node@24.13.3)
      '@inquirer/password': 5.1.2(@types/node@24.13.3)
      '@inquirer/rawlist': 5.3.2(@types/node@24.13.3)
      '@inquirer/search': 4.3.0(@types/node@24.13.3)
      '@inquirer/select': 5.2.2(@types/node@24.13.3)
    optionalDependencies:
      '@types/node': 24.13.3

  '@inquirer/rawlist@5.3.2(@types/node@24.13.3)':
    dependencies:
      '@inquirer/core': 12.0.0(@types/node@24.13.3)
      '@inquirer/type': 4.0.7(@types/node@24.13.3)
    optionalDependencies:
      '@types/node': 24.13.3

  '@inquirer/search@4.3.0(@types/node@24.13.3)':
    dependencies:
      '@inquirer/core': 12.0.0(@types/node@24.13.3)
      '@inquirer/figures': 2.0.8
      '@inquirer/type': 4.0.7(@types/node@24.13.3)
    optionalDependencies:
      '@types/node': 24.13.3

  '@inquirer/select@5.2.2(@types/node@24.13.3)':
    dependencies:
      '@inquirer/ansi': 2.0.7
      '@inquirer/core': 12.0.0(@types/node@24.13.3)
      '@inquirer/figures': 2.0.8
      '@inquirer/type': 4.0.7(@types/node@24.13.3)
    optionalDependencies:
      '@types/node': 24.13.3

  '@inquirer/type@4.0.7(@types/node@24.13.3)':
    optionalDependencies:
      '@types/node': 24.13.3

  '@types/node@24.13.3':
    dependencies:
      undici-types: 7.18.2

  chalk@5.6.2: {}

  chardet@2.2.0: {}

  cli-width@4.1.0: {}

  fast-string-truncated-width@3.0.3: {}

  fast-string-width@3.0.2:
    dependencies:
      fast-string-truncated-width: 3.0.3

  fast-wrap-ansi@0.2.2:
    dependencies:
      fast-string-width: 3.0.2

  iconv-lite@0.7.3:
    dependencies:
      safer-buffer: 2.1.2

  mute-stream@3.0.0: {}

  safer-buffer@2.1.2: {}

  signal-exit@4.1.0: {}

  tunnel@0.0.6:
    optional: true

  typescript@6.0.3: {}

  undici-types@7.18.2: {}

  undici@6.28.0:
    optional: true
